Microsoft Visual Studio Solution File, Format Version 12.00
# Visual Studio Version 17
VisualStudioVersion = 17.4.33205.214
MinimumVisualStudioVersion = 10.0.40219.1
Project("{FAE04EC0-301F-11D3-BF4B-00C04F79EFBC}") = "Admin.Web", "Admin.Web\Admin.Web.csproj", "{1D4C6742-1C4C-4B7E-9E7E-0D1C5B4A9F0F}"
EndProject
Project("{FAE04EC0-301F-11D3-BF4B-00C04F79EFBC}") = "Admin.Web.Tests", "..\tests\Admin.Web.Tests\Admin.Web.Tests.csproj", "{4A9A52F1-9A7E-4E62-9F5D-6E1C2D9E7A03}"
EndProject
Global
	GlobalSection(SolutionConfigurationPlatforms) = preSolution
		Debug|Any CPU = Debug|Any CPU
		Release|Any CPU = Release|Any CPU
	EndGlobalSection
	GlobalSection(ProjectConfigurationPlatforms) = postSolution
		{1D4C6742-1C4C-4B7E-9E7E-0D1C5B4A9F0F}.Debug|Any CPU.ActiveCfg = Debug|Any CPU
		{1D4C6742-1C4C-4B7E-9E7E-0D1C5B4A9F0F}.Debug|Any CPU.Build.0 = Debug|Any CPU
		{1D4C6742-1C4C-4B7E-9E7E-0D1C5B4A9F0F}.Release|Any CPU.ActiveCfg = Release|Any CPU
		{1D4C6742-1C4C-4B7E-9E7E-0D1C5B4A9F0F}.Release|Any CPU.Build.0 = Release|Any CPU
		{4A9A52F1-9A7E-4E62-9F5D-6E1C2D9E7A03}.Debug|Any CPU.ActiveCfg = Debug|Any CPU
		{4A9A52F1-9A7E-4E62-9F5D-6E1C2D9E7A03}.Debug|Any CPU.Build.0 = Debug|Any CPU
		{4A9A52F1-9A7E-4E62-9F5D-6E1C2D9E7A03}.Release|Any CPU.ActiveCfg = Release|Any CPU
		{4A9A52F1-9A7E-4E62-9F5D-6E1C2D9E7A03}.Release|Any CPU.Build.0 = Release|Any CPU
	EndGlobalSection
	GlobalSection(SolutionProperties) = preSolution
		HideSolutionNode = FALSE
	EndGlobalSection
	GlobalSection(ExtensibilityGlobals) = postSolution
		SolutionGuid = {C4606F3C-2634-4C5B-BC21-3448D96D7873}
	EndGlobalSection
EndGlobal
