
Microsoft Visual Studio Solution File, Format Version 12.00
# Visual Studio Version 17
VisualStudioVersion = 17.4.33205.214
MinimumVisualStudioVersion = 10.0.40219.1
Project("{9A19103F-16F7-4668-BE54-9A1E7A4F7556}") = "Chat.Web", "Chat.Web\Chat.Web.csproj", "{31E73975-D873-4095-BB21-30BBCB7D8372}"
EndProject
Project("{FAE04EC0-301F-11D3-BF4B-00C04F79EFBC}") = "Chat.Tests", "..\tests\Chat.Tests\Chat.Tests.csproj", "{D8F0A5F8-0D7C-4A6E-9F51-6C62E4DDF1F5}"
EndProject
Project("{FAE04EC0-301F-11D3-BF4B-00C04F79EFBC}") = "Chat.IntegrationTests", "..\tests\Chat.IntegrationTests\Chat.IntegrationTests.csproj", "{1A3B8E4A-AC4E-4E31-9C1C-6E0C2E9F4A11}"
EndProject
Project("{FAE04EC0-301F-11D3-BF4B-00C04F79EFBC}") = "Chat.Web.Tests", "..\tests\Chat.Web.Tests\Chat.Web.Tests.csproj", "{F740D9E3-1A8A-4C0C-86F2-3F1A4D8EF1C4}"
EndProject
Global
	GlobalSection(SolutionConfigurationPlatforms) = preSolution
		Debug|Any CPU = Debug|Any CPU
		Debug|x64 = Debug|x64
		Debug|x86 = Debug|x86
		Release|Any CPU = Release|Any CPU
		Release|x64 = Release|x64
		Release|x86 = Release|x86
	EndGlobalSection
	GlobalSection(ProjectConfigurationPlatforms) = postSolution
		{31E73975-D873-4095-BB21-30BBCB7D8372}.Debug|Any CPU.ActiveCfg = Debug|Any CPU
		{31E73975-D873-4095-BB21-30BBCB7D8372}.Debug|Any CPU.Build.0 = Debug|Any CPU
		{31E73975-D873-4095-BB21-30BBCB7D8372}.Debug|x64.ActiveCfg = Debug|Any CPU
		{31E73975-D873-4095-BB21-30BBCB7D8372}.Debug|x64.Build.0 = Debug|Any CPU
		{31E73975-D873-4095-BB21-30BBCB7D8372}.Debug|x86.ActiveCfg = Debug|Any CPU
		{31E73975-D873-4095-BB21-30BBCB7D8372}.Debug|x86.Build.0 = Debug|Any CPU
		{31E73975-D873-4095-BB21-30BBCB7D8372}.Release|Any CPU.ActiveCfg = Release|Any CPU
		{31E73975-D873-4095-BB21-30BBCB7D8372}.Release|Any CPU.Build.0 = Release|Any CPU
		{31E73975-D873-4095-BB21-30BBCB7D8372}.Release|x64.ActiveCfg = Release|Any CPU
		{31E73975-D873-4095-BB21-30BBCB7D8372}.Release|x64.Build.0 = Release|Any CPU
		{31E73975-D873-4095-BB21-30BBCB7D8372}.Release|x86.ActiveCfg = Release|Any CPU
		{31E73975-D873-4095-BB21-30BBCB7D8372}.Release|x86.Build.0 = Release|Any CPU
		{D8F0A5F8-0D7C-4A6E-9F51-6C62E4DDF1F5}.Debug|Any CPU.ActiveCfg = Debug|Any CPU
		{D8F0A5F8-0D7C-4A6E-9F51-6C62E4DDF1F5}.Debug|Any CPU.Build.0 = Debug|Any CPU
		{D8F0A5F8-0D7C-4A6E-9F51-6C62E4DDF1F5}.Debug|x64.ActiveCfg = Debug|Any CPU
		{D8F0A5F8-0D7C-4A6E-9F51-6C62E4DDF1F5}.Debug|x64.Build.0 = Debug|Any CPU
		{D8F0A5F8-0D7C-4A6E-9F51-6C62E4DDF1F5}.Debug|x86.ActiveCfg = Debug|Any CPU
		{D8F0A5F8-0D7C-4A6E-9F51-6C62E4DDF1F5}.Debug|x86.Build.0 = Debug|Any CPU
		{D8F0A5F8-0D7C-4A6E-9F51-6C62E4DDF1F5}.Release|Any CPU.ActiveCfg = Release|Any CPU
		{D8F0A5F8-0D7C-4A6E-9F51-6C62E4DDF1F5}.Release|Any CPU.Build.0 = Release|Any CPU
		{D8F0A5F8-0D7C-4A6E-9F51-6C62E4DDF1F5}.Release|x64.ActiveCfg = Release|Any CPU
		{D8F0A5F8-0D7C-4A6E-9F51-6C62E4DDF1F5}.Release|x64.Build.0 = Release|Any CPU
		{D8F0A5F8-0D7C-4A6E-9F51-6C62E4DDF1F5}.Release|x86.ActiveCfg = Release|Any CPU
		{D8F0A5F8-0D7C-4A6E-9F51-6C62E4DDF1F5}.Release|x86.Build.0 = Release|Any CPU
		{1A3B8E4A-AC4E-4E31-9C1C-6E0C2E9F4A11}.Debug|Any CPU.ActiveCfg = Debug|Any CPU
		{1A3B8E4A-AC4E-4E31-9C1C-6E0C2E9F4A11}.Debug|Any CPU.Build.0 = Debug|Any CPU
		{1A3B8E4A-AC4E-4E31-9C1C-6E0C2E9F4A11}.Debug|x64.ActiveCfg = Debug|Any CPU
		{1A3B8E4A-AC4E-4E31-9C1C-6E0C2E9F4A11}.Debug|x64.Build.0 = Debug|Any CPU
		{1A3B8E4A-AC4E-4E31-9C1C-6E0C2E9F4A11}.Debug|x86.ActiveCfg = Debug|Any CPU
		{1A3B8E4A-AC4E-4E31-9C1C-6E0C2E9F4A11}.Debug|x86.Build.0 = Debug|Any CPU
		{1A3B8E4A-AC4E-4E31-9C1C-6E0C2E9F4A11}.Release|Any CPU.ActiveCfg = Release|Any CPU
		{1A3B8E4A-AC4E-4E31-9C1C-6E0C2E9F4A11}.Release|Any CPU.Build.0 = Release|Any CPU
		{1A3B8E4A-AC4E-4E31-9C1C-6E0C2E9F4A11}.Release|x64.ActiveCfg = Release|Any CPU
		{1A3B8E4A-AC4E-4E31-9C1C-6E0C2E9F4A11}.Release|x64.Build.0 = Release|Any CPU
		{1A3B8E4A-AC4E-4E31-9C1C-6E0C2E9F4A11}.Release|x86.ActiveCfg = Release|Any CPU
		{1A3B8E4A-AC4E-4E31-9C1C-6E0C2E9F4A11}.Release|x86.Build.0 = Release|Any CPU
		{F740D9E3-1A8A-4C0C-86F2-3F1A4D8EF1C4}.Debug|Any CPU.ActiveCfg = Debug|Any CPU
		{F740D9E3-1A8A-4C0C-86F2-3F1A4D8EF1C4}.Debug|Any CPU.Build.0 = Debug|Any CPU
		{F740D9E3-1A8A-4C0C-86F2-3F1A4D8EF1C4}.Debug|x64.ActiveCfg = Debug|Any CPU
		{F740D9E3-1A8A-4C0C-86F2-3F1A4D8EF1C4}.Debug|x64.Build.0 = Debug|Any CPU
		{F740D9E3-1A8A-4C0C-86F2-3F1A4D8EF1C4}.Debug|x86.ActiveCfg = Debug|Any CPU
		{F740D9E3-1A8A-4C0C-86F2-3F1A4D8EF1C4}.Debug|x86.Build.0 = Debug|Any CPU
		{F740D9E3-1A8A-4C0C-86F2-3F1A4D8EF1C4}.Release|Any CPU.ActiveCfg = Release|Any CPU
		{F740D9E3-1A8A-4C0C-86F2-3F1A4D8EF1C4}.Release|Any CPU.Build.0 = Release|Any CPU
		{F740D9E3-1A8A-4C0C-86F2-3F1A4D8EF1C4}.Release|x64.ActiveCfg = Release|Any CPU
		{F740D9E3-1A8A-4C0C-86F2-3F1A4D8EF1C4}.Release|x64.Build.0 = Release|Any CPU
		{F740D9E3-1A8A-4C0C-86F2-3F1A4D8EF1C4}.Release|x86.ActiveCfg = Release|Any CPU
		{F740D9E3-1A8A-4C0C-86F2-3F1A4D8EF1C4}.Release|x86.Build.0 = Release|Any CPU
	EndGlobalSection
	GlobalSection(SolutionProperties) = preSolution
		HideSolutionNode = FALSE
	EndGlobalSection
	GlobalSection(ExtensibilityGlobals) = postSolution
		SolutionGuid = {C4606F3C-2634-4C5B-BC21-3448D96D7873}
	EndGlobalSection
EndGlobal
